
Microsoft Visual Studio Solution File, Format Version 12.00
# Visual Studio 14
VisualStudioVersion = 14.0.22919.0
MinimumVisualStudioVersion = 10.0.40219.1
Project("{FAE04EC0-301F-11D3-BF4B-00C04F79EFBC}") = "TryGlob", "TryGlob\TryGlob.csproj", "{166B6308-27EA-4345-BFB9-68C10BD3928C}"
EndProject
Global
	GlobalSection(SolutionConfigurationPlatforms) = preSolution
		Debug|Any CPU = Debug|Any CPU
		Release|Any CPU = Release|Any CPU
	EndGlobalSection
	GlobalSection(ProjectConfigurationPlatforms) = postSolution
		{166B6308-27EA-4345-BFB9-68C10BD3928C}.Debug|Any CPU.ActiveCfg = Debug|Any CPU
		{166B6308-27EA-4345-BFB9-68C10BD3928C}.Debug|Any CPU.Build.0 = Debug|Any CPU
		{166B6308-27EA-4345-BFB9-68C10BD3928C}.Release|Any CPU.ActiveCfg = Release|Any CPU
		{166B6308-27EA-4345-BFB9-68C10BD3928C}.Release|Any CPU.Build.0 = Release|Any CPU
	EndGlobalSection
	GlobalSection(SolutionProperties) = preSolution
		HideSolutionNode = FALSE
	EndGlobalSection
EndGlobal
